
Microsoft Visual Studio Solution File, Format Version 12.00
# Visual Studio Version 17
VisualStudioVersion = 17.0.31903.59
MinimumVisualStudioVersion = 10.0.40219.1
Project("{FAE04EC0-301F-11D3-BF4B-00C04F79EFBC}") = "SOC2-web.Core", "SOC2-web.Core\SOC2-web.Core.csproj", "{B12152EB-98FD-4F4B-9B30-E338A0CDAC3C}"
EndProject
Project("{FAE04EC0-301F-11D3-BF4B-00C04F79EFBC}") = "ShadeOfColor2.API", "ShadeOfColor2.API\ShadeOfColor2.API.csproj", "{147B6933-D0A9-4F44-A5ED-AB0AB15E880C}"
EndProject
Global
	GlobalSection(SolutionConfigurationPlatforms) = preSolution
		Debug|Any CPU = Debug|Any CPU
		Debug|x64 = Debug|x64
		Debug|x86 = Debug|x86
		Release|Any CPU = Release|Any CPU
		Release|x64 = Release|x64
		Release|x86 = Release|x86
	EndGlobalSection
	GlobalSection(ProjectConfigurationPlatforms) = postSolution
		{B12152EB-98FD-4F4B-9B30-E338A0CDAC3C}.Debug|Any CPU.ActiveCfg = Debug|Any CPU
		{B12152EB-98FD-4F4B-9B30-E338A0CDAC3C}.Debug|Any CPU.Build.0 = Debug|Any CPU
		{B12152EB-98FD-4F4B-9B30-E338A0CDAC3C}.Debug|x64.ActiveCfg = Debug|Any CPU
		{B12152EB-98FD-4F4B-9B30-E338A0CDAC3C}.Debug|x64.Build.0 = Debug|Any CPU
		{B12152EB-98FD-4F4B-9B30-E338A0CDAC3C}.Debug|x86.ActiveCfg = Debug|Any CPU
		{B12152EB-98FD-4F4B-9B30-E338A0CDAC3C}.Debug|x86.Build.0 = Debug|Any CPU
		{B12152EB-98FD-4F4B-9B30-E338A0CDAC3C}.Release|Any CPU.ActiveCfg = Release|Any CPU
		{B12152EB-98FD-4F4B-9B30-E338A0CDAC3C}.Release|Any CPU.Build.0 = Release|Any CPU
		{B12152EB-98FD-4F4B-9B30-E338A0CDAC3C}.Release|x64.ActiveCfg = Release|Any CPU
		{B12152EB-98FD-4F4B-9B30-E338A0CDAC3C}.Release|x64.Build.0 = Release|Any CPU
		{B12152EB-98FD-4F4B-9B30-E338A0CDAC3C}.Release|x86.ActiveCfg = Release|Any CPU
		{B12152EB-98FD-4F4B-9B30-E338A0CDAC3C}.Release|x86.Build.0 = Release|Any CPU
		{147B6933-D0A9-4F44-A5ED-AB0AB15E880C}.Debug|Any CPU.ActiveCfg = Debug|Any CPU
		{147B6933-D0A9-4F44-A5ED-AB0AB15E880C}.Debug|Any CPU.Build.0 = Debug|Any CPU
		{147B6933-D0A9-4F44-A5ED-AB0AB15E880C}.Debug|x64.ActiveCfg = Debug|Any CPU
		{147B6933-D0A9-4F44-A5ED-AB0AB15E880C}.Debug|x64.Build.0 = Debug|Any CPU
		{147B6933-D0A9-4F44-A5ED-AB0AB15E880C}.Debug|x86.ActiveCfg = Debug|Any CPU
		{147B6933-D0A9-4F44-A5ED-AB0AB15E880C}.Debug|x86.Build.0 = Debug|Any CPU
		{147B6933-D0A9-4F44-A5ED-AB0AB15E880C}.Release|Any CPU.ActiveCfg = Release|Any CPU
		{147B6933-D0A9-4F44-A5ED-AB0AB15E880C}.Release|Any CPU.Build.0 = Release|Any CPU
		{147B6933-D0A9-4F44-A5ED-AB0AB15E880C}.Release|x64.ActiveCfg = Release|Any CPU
		{147B6933-D0A9-4F44-A5ED-AB0AB15E880C}.Release|x64.Build.0 = Release|Any CPU
		{147B6933-D0A9-4F44-A5ED-AB0AB15E880C}.Release|x86.ActiveCfg = Release|Any CPU
		{147B6933-D0A9-4F44-A5ED-AB0AB15E880C}.Release|x86.Build.0 = Release|Any CPU
	EndGlobalSection
	GlobalSection(SolutionProperties) = preSolution
		HideSolutionNode = FALSE
	EndGlobalSection
EndGlobal
